// !$*UTF8*$!
{
	archiveVersion = 1;
	classes = {
	};
	objectVersion = 50;
	objects = {

/* Begin PBXBuildFile section */
		7128015F2301FA2600929027 /* ServiceProvider.swift in Sources */ = {isa = PBXBuildFile; fileRef = 7128015E2301FA2600929027 /* ServiceProvider.swift */; };
		712801612301FB0D00929027 /* ArticleManager.swift in Sources */ = {isa = PBXBuildFile; fileRef = 712801602301FB0D00929027 /* ArticleManager.swift */; };
		712801632301FBA300929027 /* DetailsViewController.swift in Sources */ = {isa = PBXBuildFile; fileRef = 712801622301FBA300929027 /* DetailsViewController.swift */; };
		712801672301FD2D00929027 /* HomeViewModel.swift in Sources */ = {isa = PBXBuildFile; fileRef = 712801662301FD2D00929027 /* HomeViewModel.swift */; };
		712801692301FDF700929027 /* DetailsViewModel.swift in Sources */ = {isa = PBXBuildFile; fileRef = 712801682301FDF700929027 /* DetailsViewModel.swift */; };
		7128016B23020E1B00929027 /* ArticleDetails.swift in Sources */ = {isa = PBXBuildFile; fileRef = 7128016A23020E1B00929027 /* ArticleDetails.swift */; };
		7128016D230211C100929027 /* RelatedArticle.swift in Sources */ = {isa = PBXBuildFile; fileRef = 7128016C230211C100929027 /* RelatedArticle.swift */; };
		7128017123023E1900929027 /* MediaCell.swift in Sources */ = {isa = PBXBuildFile; fileRef = 7128016F23023E1900929027 /* MediaCell.swift */; };
		7128017223023E1900929027 /* MediaCell.xib in Resources */ = {isa = PBXBuildFile; fileRef = 7128017023023E1900929027 /* MediaCell.xib */; };
		7128017523023E8300929027 /* ArticleInfoCell.swift in Sources */ = {isa = PBXBuildFile; fileRef = 7128017323023E8300929027 /* ArticleInfoCell.swift */; };
		7128017623023E8300929027 /* ArticleInfoCell.xib in Resources */ = {isa = PBXBuildFile; fileRef = 7128017423023E8300929027 /* ArticleInfoCell.xib */; };
		7128017923023EA500929027 /* ArticleContentCell.swift in Sources */ = {isa = PBXBuildFile; fileRef = 7128017723023EA500929027 /* ArticleContentCell.swift */; };
		7128017A23023EA500929027 /* ArticleContentCell.xib in Resources */ = {isa = PBXBuildFile; fileRef = 7128017823023EA500929027 /* ArticleContentCell.xib */; };
		974FC79C227BB11B00C94130 /* AppDelegate.swift in Sources */ = {isa = PBXBuildFile; fileRef = 974FC79B227BB11B00C94130 /* AppDelegate.swift */; };
		974FC79E227BB11B00C94130 /* MainViewController.swift in Sources */ = {isa = PBXBuildFile; fileRef = 974FC79D227BB11B00C94130 /* MainViewController.swift */; };
		974FC7A1227BB11B00C94130 /* Main.storyboard in Resources */ = {isa = PBXBuildFile; fileRef = 974FC79F227BB11B00C94130 /* Main.storyboard */; };
		974FC7A3227BB11C00C94130 /* Assets.xcassets in Resources */ = {isa = PBXBuildFile; fileRef = 974FC7A2227BB11C00C94130 /* Assets.xcassets */; };
		974FC7A6227BB11C00C94130 /* LaunchScreen.storyboard in Resources */ = {isa = PBXBuildFile; fileRef = 974FC7A4227BB11C00C94130 /* LaunchScreen.storyboard */; };
		974FC7B1227BB11C00C94130 /* NGTestTests.swift in Sources */ = {isa = PBXBuildFile; fileRef = 974FC7B0227BB11C00C94130 /* NGTestTests.swift */; };
		974FC7BD227BB1F400C94130 /* articles.json in Resources */ = {isa = PBXBuildFile; fileRef = 974FC7BC227BB1F400C94130 /* articles.json */; };
		974FC7BF227BD71400C94130 /* Article.swift in Sources */ = {isa = PBXBuildFile; fileRef = 974FC7BE227BD71400C94130 /* Article.swift */; };
/* End PBXBuildFile section */

/* Begin PBXContainerItemProxy section */
		974FC7AD227BB11C00C94130 /* PBXContainerItemProxy */ = {
			isa = PBXContainerItemProxy;
			containerPortal = 974FC790227BB11B00C94130 /* Project object */;
			proxyType = 1;
			remoteGlobalIDString = 974FC797227BB11B00C94130;
			remoteInfo = NGTest;
		};
/* End PBXContainerItemProxy section */

/* Begin PBXFileReference section */
		7128015E2301FA2600929027 /* ServiceProvider.swift */ = {isa = PBXFileReference; lastKnownFileType = sourcecode.swift; path = ServiceProvider.swift; sourceTree = "<group>"; };
		712801602301FB0D00929027 /* ArticleManager.swift */ = {isa = PBXFileReference; lastKnownFileType = sourcecode.swift; path = ArticleManager.swift; sourceTree = "<group>"; };
		712801622301FBA300929027 /* DetailsViewController.swift */ = {isa = PBXFileReference; lastKnownFileType = sourcecode.swift; path = DetailsViewController.swift; sourceTree = "<group>"; };
		712801662301FD2D00929027 /* HomeViewModel.swift */ = {isa = PBXFileReference; lastKnownFileType = sourcecode.swift; path = HomeViewModel.swift; sourceTree = "<group>"; };
		712801682301FDF700929027 /* DetailsViewModel.swift */ = {isa = PBXFileReference; lastKnownFileType = sourcecode.swift; path = DetailsViewModel.swift; sourceTree = "<group>"; };
		7128016A23020E1B00929027 /* ArticleDetails.swift */ = {isa = PBXFileReference; lastKnownFileType = sourcecode.swift; path = ArticleDetails.swift; sourceTree = "<group>"; };
		7128016C230211C100929027 /* RelatedArticle.swift */ = {isa = PBXFileReference; lastKnownFileType = sourcecode.swift; path = RelatedArticle.swift; sourceTree = "<group>"; };
		7128016F23023E1900929027 /* MediaCell.swift */ = {isa = PBXFileReference; lastKnownFileType = sourcecode.swift; path = MediaCell.swift; sourceTree = "<group>"; };
		7128017023023E1900929027 /* MediaCell.xib */ = {isa = PBXFileReference; lastKnownFileType = file.xib; path = MediaCell.xib; sourceTree = "<group>"; };
		7128017323023E8300929027 /* ArticleInfoCell.swift */ = {isa = PBXFileReference; lastKnownFileType = sourcecode.swift; path = ArticleInfoCell.swift; sourceTree = "<group>"; };
		7128017423023E8300929027 /* ArticleInfoCell.xib */ = {isa = PBXFileReference; lastKnownFileType = file.xib; path = ArticleInfoCell.xib; sourceTree = "<group>"; };
		7128017723023EA500929027 /* ArticleContentCell.swift */ = {isa = PBXFileReference; lastKnownFileType = sourcecode.swift; path = ArticleContentCell.swift; sourceTree = "<group>"; };
		7128017823023EA500929027 /* ArticleContentCell.xib */ = {isa = PBXFileReference; lastKnownFileType = file.xib; path = ArticleContentCell.xib; sourceTree = "<group>"; };
		974FC798227BB11B00C94130 /* NGTest.app */ = {isa = PBXFileReference; explicitFileType = wrapper.application; includeInIndex = 0; path = NGTest.app; sourceTree = BUILT_PRODUCTS_DIR; };
		974FC79B227BB11B00C94130 /* AppDelegate.swift */ = {isa = PBXFileReference; lastKnownFileType = sourcecode.swift; path = AppDelegate.swift; sourceTree = "<group>"; };
		974FC79D227BB11B00C94130 /* MainViewController.swift */ = {isa = PBXFileReference; lastKnownFileType = sourcecode.swift; path = MainViewController.swift; sourceTree = "<group>"; };
		974FC7A0227BB11B00C94130 /* Base */ = {isa = PBXFileReference; lastKnownFileType = file.storyboard; name = Base; path = Base.lproj/Main.storyboard; sourceTree = "<group>"; };
		974FC7A2227BB11C00C94130 /* Assets.xcassets */ = {isa = PBXFileReference; lastKnownFileType = folder.assetcatalog; path = Assets.xcassets; sourceTree = "<group>"; };
		974FC7A5227BB11C00C94130 /* Base */ = {isa = PBXFileReference; lastKnownFileType = file.storyboard; name = Base; path = Base.lproj/LaunchScreen.storyboard; sourceTree = "<group>"; };
		974FC7A7227BB11C00C94130 /* Info.plist */ = {isa = PBXFileReference; lastKnownFileType = text.plist.xml; path = Info.plist; sourceTree = "<group>"; };
		974FC7AC227BB11C00C94130 /* NGTestTests.xctest */ = {isa = PBXFileReference; explicitFileType = wrapper.cfbundle; includeInIndex = 0; path = NGTestTests.xctest; sourceTree = BUILT_PRODUCTS_DIR; };
		974FC7B0227BB11C00C94130 /* NGTestTests.swift */ = {isa = PBXFileReference; lastKnownFileType = sourcecode.swift; path = NGTestTests.swift; sourceTree = "<group>"; };
		974FC7B2227BB11C00C94130 /* Info.plist */ = {isa = PBXFileReference; lastKnownFileType = text.plist.xml; path = Info.plist; sourceTree = "<group>"; };
		974FC7BC227BB1F400C94130 /* articles.json */ = {isa = PBXFileReference; fileEncoding = 4; lastKnownFileType = text.json; path = articles.json; sourceTree = "<group>"; };
		974FC7BE227BD71400C94130 /* Article.swift */ = {isa = PBXFileReference; lastKnownFileType = sourcecode.swift; path = Article.swift; sourceTree = "<group>"; };
		974FC7C0227BDD7000C94130 /* README.txt */ = {isa = PBXFileReference; lastKnownFileType = text; path = README.txt; sourceTree = "<group>"; };
/* End PBXFileReference section */

/* Begin PBXFrameworksBuildPhase section */
		974FC795227BB11B00C94130 /* Frameworks */ = {
			isa = PBXFrameworksBuildPhase;
			buildActionMask = 2147483647;
			files = (
			);
			runOnlyForDeploymentPostprocessing = 0;
		};
		974FC7A9227BB11C00C94130 /* Frameworks */ = {
			isa = PBXFrameworksBuildPhase;
			buildActionMask = 2147483647;
			files = (
			);
			runOnlyForDeploymentPostprocessing = 0;
		};
/* End PBXFrameworksBuildPhase section */

/* Begin PBXGroup section */
		712801592301F98900929027 /* Modules */ = {
			isa = PBXGroup;
			children = (
				7128016E23023DE600929027 /* Cells */,
				7128015B2301F99F00929027 /* Details */,
				7128015A2301F99900929027 /* Home */,
			);
			path = Modules;
			sourceTree = "<group>";
		};
		7128015A2301F99900929027 /* Home */ = {
			isa = PBXGroup;
			children = (
				974FC79F227BB11B00C94130 /* Main.storyboard */,
				974FC79D227BB11B00C94130 /* MainViewController.swift */,
				712801662301FD2D00929027 /* HomeViewModel.swift */,
			);
			path = Home;
			sourceTree = "<group>";
		};
		7128015B2301F99F00929027 /* Details */ = {
			isa = PBXGroup;
			children = (
				712801622301FBA300929027 /* DetailsViewController.swift */,
				712801682301FDF700929027 /* DetailsViewModel.swift */,
			);
			path = Details;
			sourceTree = "<group>";
		};
		7128015C2301F9AF00929027 /* Models */ = {
			isa = PBXGroup;
			children = (
				974FC7BE227BD71400C94130 /* Article.swift */,
				7128016A23020E1B00929027 /* ArticleDetails.swift */,
				7128016C230211C100929027 /* RelatedArticle.swift */,
			);
			path = Models;
			sourceTree = "<group>";
		};
		7128015D2301F9F400929027 /* ServiceProvider */ = {
			isa = PBXGroup;
			children = (
				7128015E2301FA2600929027 /* ServiceProvider.swift */,
				712801602301FB0D00929027 /* ArticleManager.swift */,
			);
			path = ServiceProvider;
			sourceTree = "<group>";
		};
		7128016E23023DE600929027 /* Cells */ = {
			isa = PBXGroup;
			children = (
				7128016F23023E1900929027 /* MediaCell.swift */,
				7128017023023E1900929027 /* MediaCell.xib */,
				7128017323023E8300929027 /* ArticleInfoCell.swift */,
				7128017423023E8300929027 /* ArticleInfoCell.xib */,
				7128017723023EA500929027 /* ArticleContentCell.swift */,
				7128017823023EA500929027 /* ArticleContentCell.xib */,
			);
			path = Cells;
			sourceTree = "<group>";
		};
		974FC78F227BB11B00C94130 = {
			isa = PBXGroup;
			children = (
				974FC79A227BB11B00C94130 /* NGTest */,
				974FC7AF227BB11C00C94130 /* NGTestTests */,
				974FC799227BB11B00C94130 /* Products */,
			);
			sourceTree = "<group>";
		};
		974FC799227BB11B00C94130 /* Products */ = {
			isa = PBXGroup;
			children = (
				974FC798227BB11B00C94130 /* NGTest.app */,
				974FC7AC227BB11C00C94130 /* NGTestTests.xctest */,
			);
			name = Products;
			sourceTree = "<group>";
		};
		974FC79A227BB11B00C94130 /* NGTest */ = {
			isa = PBXGroup;
			children = (
				7128015D2301F9F400929027 /* ServiceProvider */,
				7128015C2301F9AF00929027 /* Models */,
				712801592301F98900929027 /* Modules */,
				974FC7C0227BDD7000C94130 /* README.txt */,
				974FC7BB227BB1E100C94130 /* Supporting Files */,
				974FC79B227BB11B00C94130 /* AppDelegate.swift */,
				974FC7A2227BB11C00C94130 /* Assets.xcassets */,
				974FC7A4227BB11C00C94130 /* LaunchScreen.storyboard */,
				974FC7A7227BB11C00C94130 /* Info.plist */,
			);
			path = NGTest;
			sourceTree = "<group>";
		};
		974FC7AF227BB11C00C94130 /* NGTestTests */ = {
			isa = PBXGroup;
			children = (
				974FC7B0227BB11C00C94130 /* NGTestTests.swift */,
				974FC7B2227BB11C00C94130 /* Info.plist */,
			);
			path = NGTestTests;
			sourceTree = "<group>";
		};
		974FC7BB227BB1E100C94130 /* Supporting Files */ = {
			isa = PBXGroup;
			children = (
				974FC7BC227BB1F400C94130 /* articles.json */,
			);
			path = "Supporting Files";
			sourceTree = "<group>";
		};
/* End PBXGroup section */

/* Begin PBXNativeTarget section */
		974FC797227BB11B00C94130 /* NGTest */ = {
			isa = PBXNativeTarget;
			buildConfigurationList = 974FC7B5227BB11C00C94130 /* Build configuration list for PBXNativeTarget "NGTest" */;
			buildPhases = (
				974FC794227BB11B00C94130 /* Sources */,
				974FC795227BB11B00C94130 /* Frameworks */,
				974FC796227BB11B00C94130 /* Resources */,
			);
			buildRules = (
			);
			dependencies = (
			);
			name = NGTest;
			productName = NGTest;
			productReference = 974FC798227BB11B00C94130 /* NGTest.app */;
			productType = "com.apple.product-type.application";
		};
		974FC7AB227BB11C00C94130 /* NGTestTests */ = {
			isa = PBXNativeTarget;
			buildConfigurationList = 974FC7B8227BB11C00C94130 /* Build configuration list for PBXNativeTarget "NGTestTests" */;
			buildPhases = (
				974FC7A8227BB11C00C94130 /* Sources */,
				974FC7A9227BB11C00C94130 /* Frameworks */,
				974FC7AA227BB11C00C94130 /* Resources */,
			);
			buildRules = (
			);
			dependencies = (
				974FC7AE227BB11C00C94130 /* PBXTargetDependency */,
			);
			name = NGTestTests;
			productName = NGTestTests;
			productReference = 974FC7AC227BB11C00C94130 /* NGTestTests.xctest */;
			productType = "com.apple.product-type.bundle.unit-test";
		};
/* End PBXNativeTarget section */

/* Begin PBXProject section */
		974FC790227BB11B00C94130 /* Project object */ = {
			isa = PBXProject;
			attributes = {
				LastSwiftUpdateCheck = 1020;
				LastUpgradeCheck = 1020;
				ORGANIZATIONNAME = Nuglif;
				TargetAttributes = {
					974FC797227BB11B00C94130 = {
						CreatedOnToolsVersion = 10.2.1;
					};
					974FC7AB227BB11C00C94130 = {
						CreatedOnToolsVersion = 10.2.1;
						TestTargetID = 974FC797227BB11B00C94130;
					};
				};
			};
			buildConfigurationList = 974FC793227BB11B00C94130 /* Build configuration list for PBXProject "NGTest" */;
			compatibilityVersion = "Xcode 9.3";
			developmentRegion = en;
			hasScannedForEncodings = 0;
			knownRegions = (
				en,
				Base,
			);
			mainGroup = 974FC78F227BB11B00C94130;
			productRefGroup = 974FC799227BB11B00C94130 /* Products */;
			projectDirPath = "";
			projectRoot = "";
			targets = (
				974FC797227BB11B00C94130 /* NGTest */,
				974FC7AB227BB11C00C94130 /* NGTestTests */,
			);
		};
/* End PBXProject section */

/* Begin PBXResourcesBuildPhase section */
		974FC796227BB11B00C94130 /* Resources */ = {
			isa = PBXResourcesBuildPhase;
			buildActionMask = 2147483647;
			files = (
				7128017623023E8300929027 /* ArticleInfoCell.xib in Resources */,
				974FC7BD227BB1F400C94130 /* articles.json in Resources */,
				974FC7A6227BB11C00C94130 /* LaunchScreen.storyboard in Resources */,
				7128017223023E1900929027 /* MediaCell.xib in Resources */,
				974FC7A3227BB11C00C94130 /* Assets.xcassets in Resources */,
				974FC7A1227BB11B00C94130 /* Main.storyboard in Resources */,
				7128017A23023EA500929027 /* ArticleContentCell.xib in Resources */,
			);
			runOnlyForDeploymentPostprocessing = 0;
		};
		974FC7AA227BB11C00C94130 /* Resources */ = {
			isa = PBXResourcesBuildPhase;
			buildActionMask = 2147483647;
			files = (
			);
			runOnlyForDeploymentPostprocessing = 0;
		};
/* End PBXResourcesBuildPhase section */

/* Begin PBXSourcesBuildPhase section */
		974FC794227BB11B00C94130 /* Sources */ = {
			isa = PBXSourcesBuildPhase;
			buildActionMask = 2147483647;
			files = (
				7128017523023E8300929027 /* ArticleInfoCell.swift in Sources */,
				7128015F2301FA2600929027 /* ServiceProvider.swift in Sources */,
				974FC79E227BB11B00C94130 /* MainViewController.swift in Sources */,
				7128016D230211C100929027 /* RelatedArticle.swift in Sources */,
				7128017923023EA500929027 /* ArticleContentCell.swift in Sources */,
				712801672301FD2D00929027 /* HomeViewModel.swift in Sources */,
				712801692301FDF700929027 /* DetailsViewModel.swift in Sources */,
				712801612301FB0D00929027 /* ArticleManager.swift in Sources */,
				7128017123023E1900929027 /* MediaCell.swift in Sources */,
				7128016B23020E1B00929027 /* ArticleDetails.swift in Sources */,
				974FC79C227BB11B00C94130 /* AppDelegate.swift in Sources */,
				974FC7BF227BD71400C94130 /* Article.swift in Sources */,
				712801632301FBA300929027 /* DetailsViewController.swift in Sources */,
			);
			runOnlyForDeploymentPostprocessing = 0;
		};
		974FC7A8227BB11C00C94130 /* Sources */ = {
			isa = PBXSourcesBuildPhase;
			buildActionMask = 2147483647;
			files = (
				974FC7B1227BB11C00C94130 /* NGTestTests.swift in Sources */,
			);
			runOnlyForDeploymentPostprocessing = 0;
		};
/* End PBXSourcesBuildPhase section */

/* Begin PBXTargetDependency section */
		974FC7AE227BB11C00C94130 /* PBXTargetDependency */ = {
			isa = PBXTargetDependency;
			target = 974FC797227BB11B00C94130 /* NGTest */;
			targetProxy = 974FC7AD227BB11C00C94130 /* PBXContainerItemProxy */;
		};
/* End PBXTargetDependency section */

/* Begin PBXVariantGroup section */
		974FC79F227BB11B00C94130 /* Main.storyboard */ = {
			isa = PBXVariantGroup;
			children = (
				974FC7A0227BB11B00C94130 /* Base */,
			);
			name = Main.storyboard;
			sourceTree = "<group>";
		};
		974FC7A4227BB11C00C94130 /* LaunchScreen.storyboard */ = {
			isa = PBXVariantGroup;
			children = (
				974FC7A5227BB11C00C94130 /* Base */,
			);
			name = LaunchScreen.storyboard;
			sourceTree = "<group>";
		};
/* End PBXVariantGroup section */

/* Begin XCBuildConfiguration section */
		974FC7B3227BB11C00C94130 /* Debug */ = {
			isa = XCBuildConfiguration;
			buildSettings = {
				ALWAYS_SEARCH_USER_PATHS = NO;
				CLANG_ANALYZER_NONNULL = YES;
				CLANG_ANALYZER_NUMBER_OBJECT_CONVERSION = YES_AGGRESSIVE;
				CLANG_CXX_LANGUAGE_STANDARD = "gnu++14";
				CLANG_CXX_LIBRARY = "libc++";
				CLANG_ENABLE_MODULES = YES;
				CLANG_ENABLE_OBJC_ARC = YES;
				CLANG_ENABLE_OBJC_WEAK = YES;
				CLANG_WARN_BLOCK_CAPTURE_AUTORELEASING = YES;
				CLANG_WARN_BOOL_CONVERSION = YES;
				CLANG_WARN_COMMA = YES;
				CLANG_WARN_CONSTANT_CONVERSION = YES;
				CLANG_WARN_DEPRECATED_OBJC_IMPLEMENTATIONS = YES;
				CLANG_WARN_DIRECT_OBJC_ISA_USAGE = YES_ERROR;
				CLANG_WARN_DOCUMENTATION_COMMENTS = YES;
				CLANG_WARN_EMPTY_BODY = YES;
				CLANG_WARN_ENUM_CONVERSION = YES;
				CLANG_WARN_INFINITE_RECURSION = YES;
				CLANG_WARN_INT_CONVERSION = YES;
				CLANG_WARN_NON_LITERAL_NULL_CONVERSION = YES;
				CLANG_WARN_OBJC_IMPLICIT_RETAIN_SELF = YES;
				CLANG_WARN_OBJC_LITERAL_CONVERSION = YES;
				CLANG_WARN_OBJC_ROOT_CLASS = YES_ERROR;
				CLANG_WARN_RANGE_LOOP_ANALYSIS = YES;
				CLANG_WARN_STRICT_PROTOTYPES = YES;
				CLANG_WARN_SUSPICIOUS_MOVE = YES;
				CLANG_WARN_UNGUARDED_AVAILABILITY = YES_AGGRESSIVE;
				CLANG_WARN_UNREACHABLE_CODE = YES;
				CLANG_WARN__DUPLICATE_METHOD_MATCH = YES;
				CODE_SIGN_IDENTITY = "iPhone Developer";
				COPY_PHASE_STRIP = NO;
				DEBUG_INFORMATION_FORMAT = dwarf;
				ENABLE_STRICT_OBJC_MSGSEND = YES;
				ENABLE_TESTABILITY = YES;
				GCC_C_LANGUAGE_STANDARD = gnu11;
				GCC_DYNAMIC_NO_PIC = NO;
				GCC_NO_COMMON_BLOCKS = YES;
				GCC_OPTIMIZATION_LEVEL = 0;
				GCC_PREPROCESSOR_DEFINITIONS = (
					"DEBUG=1",
					"$(inherited)",
				);
				GCC_WARN_64_TO_32_BIT_CONVERSION = YES;
				GCC_WARN_ABOUT_RETURN_TYPE = YES_ERROR;
				GCC_WARN_UNDECLARED_SELECTOR = YES;
				GCC_WARN_UNINITIALIZED_AUTOS = YES_AGGRESSIVE;
				GCC_WARN_UNUSED_FUNCTION = YES;
				GCC_WARN_UNUSED_VARIABLE = YES;
				IPHONEOS_DEPLOYMENT_TARGET = 12.2;
				MTL_ENABLE_DEBUG_INFO = INCLUDE_SOURCE;
				MTL_FAST_MATH = YES;
				ONLY_ACTIVE_ARCH = YES;
				SDKROOT = iphoneos;
				SWIFT_ACTIVE_COMPILATION_CONDITIONS = DEBUG;
				SWIFT_OPTIMIZATION_LEVEL = "-Onone";
			};
			name = Debug;
		};
		974FC7B4227BB11C00C94130 /* Release */ = {
			isa = XCBuildConfiguration;
			buildSettings = {
				ALWAYS_SEARCH_USER_PATHS = NO;
				CLANG_ANALYZER_NONNULL = YES;
				CLANG_ANALYZER_NUMBER_OBJECT_CONVERSION = YES_AGGRESSIVE;
				CLANG_CXX_LANGUAGE_STANDARD = "gnu++14";
				CLANG_CXX_LIBRARY = "libc++";
				CLANG_ENABLE_MODULES = YES;
				CLANG_ENABLE_OBJC_ARC = YES;
				CLANG_ENABLE_OBJC_WEAK = YES;
				CLANG_WARN_BLOCK_CAPTURE_AUTORELEASING = YES;
				CLANG_WARN_BOOL_CONVERSION = YES;
				CLANG_WARN_COMMA = YES;
				CLANG_WARN_CONSTANT_CONVERSION = YES;
				CLANG_WARN_DEPRECATED_OBJC_IMPLEMENTATIONS = YES;
				CLANG_WARN_DIRECT_OBJC_ISA_USAGE = YES_ERROR;
				CLANG_WARN_DOCUMENTATION_COMMENTS = YES;
				CLANG_WARN_EMPTY_BODY = YES;
				CLANG_WARN_ENUM_CONVERSION = YES;
				CLANG_WARN_INFINITE_RECURSION = YES;
				CLANG_WARN_INT_CONVERSION = YES;
				CLANG_WARN_NON_LITERAL_NULL_CONVERSION = YES;
				CLANG_WARN_OBJC_IMPLICIT_RETAIN_SELF = YES;
				CLANG_WARN_OBJC_LITERAL_CONVERSION = YES;
				CLANG_WARN_OBJC_ROOT_CLASS = YES_ERROR;
				CLANG_WARN_RANGE_LOOP_ANALYSIS = YES;
				CLANG_WARN_STRICT_PROTOTYPES = YES;
				CLANG_WARN_SUSPICIOUS_MOVE = YES;
				CLANG_WARN_UNGUARDED_AVAILABILITY = YES_AGGRESSIVE;
				CLANG_WARN_UNREACHABLE_CODE = YES;
				CLANG_WARN__DUPLICATE_METHOD_MATCH = YES;
				CODE_SIGN_IDENTITY = "iPhone Developer";
				COPY_PHASE_STRIP = NO;
				DEBUG_INFORMATION_FORMAT = "dwarf-with-dsym";
				ENABLE_NS_ASSERTIONS = NO;
				ENABLE_STRICT_OBJC_MSGSEND = YES;
				GCC_C_LANGUAGE_STANDARD = gnu11;
				GCC_NO_COMMON_BLOCKS = YES;
				GCC_WARN_64_TO_32_BIT_CONVERSION = YES;
				GCC_WARN_ABOUT_RETURN_TYPE = YES_ERROR;
				GCC_WARN_UNDECLARED_SELECTOR = YES;
				GCC_WARN_UNINITIALIZED_AUTOS = YES_AGGRESSIVE;
				GCC_WARN_UNUSED_FUNCTION = YES;
				GCC_WARN_UNUSED_VARIABLE = YES;
				IPHONEOS_DEPLOYMENT_TARGET = 12.2;
				MTL_ENABLE_DEBUG_INFO = NO;
				MTL_FAST_MATH = YES;
				SDKROOT = iphoneos;
				SWIFT_COMPILATION_MODE = wholemodule;
				SWIFT_OPTIMIZATION_LEVEL = "-O";
				VALIDATE_PRODUCT = YES;
			};
			name = Release;
		};
		974FC7B6227BB11C00C94130 /* Debug */ = {
			isa = XCBuildConfiguration;
			buildSettings = {
				ASSETCATALOG_COMPILER_APPICON_NAME = AppIcon;
				CODE_SIGN_STYLE = Automatic;
				INFOPLIST_FILE = NGTest/Info.plist;
				LD_RUNPATH_SEARCH_PATHS = (
					"$(inherited)",
					"@executable_path/Frameworks",
				);
				PRODUCT_BUNDLE_IDENTIFIER = com.nuglif.NGTest;
				PRODUCT_NAME = "$(TARGET_NAME)";
				SWIFT_VERSION = 5.0;
				TARGETED_DEVICE_FAMILY = "1,2";
			};
			name = Debug;
		};
		974FC7B7227BB11C00C94130 /* Release */ = {
			isa = XCBuildConfiguration;
			buildSettings = {
				ASSETCATALOG_COMPILER_APPICON_NAME = AppIcon;
				CODE_SIGN_STYLE = Automatic;
				INFOPLIST_FILE = NGTest/Info.plist;
				LD_RUNPATH_SEARCH_PATHS = (
					"$(inherited)",
					"@executable_path/Frameworks",
				);
				PRODUCT_BUNDLE_IDENTIFIER = com.nuglif.NGTest;
				PRODUCT_NAME = "$(TARGET_NAME)";
				SWIFT_VERSION = 5.0;
				TARGETED_DEVICE_FAMILY = "1,2";
			};
			name = Release;
		};
		974FC7B9227BB11C00C94130 /* Debug */ = {
			isa = XCBuildConfiguration;
			buildSettings = {
				ALWAYS_EMBED_SWIFT_STANDARD_LIBRARIES = YES;
				BUNDLE_LOADER = "$(TEST_HOST)";
				CODE_SIGN_STYLE = Automatic;
				INFOPLIST_FILE = NGTestTests/Info.plist;
				LD_RUNPATH_SEARCH_PATHS = (
					"$(inherited)",
					"@executable_path/Frameworks",
					"@loader_path/Frameworks",
				);
				PRODUCT_BUNDLE_IDENTIFIER = com.nuglif.NGTestTests;
				PRODUCT_NAME = "$(TARGET_NAME)";
				SWIFT_VERSION = 5.0;
				TARGETED_DEVICE_FAMILY = "1,2";
				TEST_HOST = "$(BUILT_PRODUCTS_DIR)/NGTest.app/NGTest";
			};
			name = Debug;
		};
		974FC7BA227BB11C00C94130 /* Release */ = {
			isa = XCBuildConfiguration;
			buildSettings = {
				ALWAYS_EMBED_SWIFT_STANDARD_LIBRARIES = YES;
				BUNDLE_LOADER = "$(TEST_HOST)";
				CODE_SIGN_STYLE = Automatic;
				INFOPLIST_FILE = NGTestTests/Info.plist;
				LD_RUNPATH_SEARCH_PATHS = (
					"$(inherited)",
					"@executable_path/Frameworks",
					"@loader_path/Frameworks",
				);
				PRODUCT_BUNDLE_IDENTIFIER = com.nuglif.NGTestTests;
				PRODUCT_NAME = "$(TARGET_NAME)";
				SWIFT_VERSION = 5.0;
				TARGETED_DEVICE_FAMILY = "1,2";
				TEST_HOST = "$(BUILT_PRODUCTS_DIR)/NGTest.app/NGTest";
			};
			name = Release;
		};
/* End XCBuildConfiguration section */

/* Begin XCConfigurationList section */
		974FC793227BB11B00C94130 /* Build configuration list for PBXProject "NGTest" */ = {
			isa = XCConfigurationList;
			buildConfigurations = (
				974FC7B3227BB11C00C94130 /* Debug */,
				974FC7B4227BB11C00C94130 /* Release */,
			);
			defaultConfigurationIsVisible = 0;
			defaultConfigurationName = Release;
		};
		974FC7B5227BB11C00C94130 /* Build configuration list for PBXNativeTarget "NGTest" */ = {
			isa = XCConfigurationList;
			buildConfigurations = (
				974FC7B6227BB11C00C94130 /* Debug */,
				974FC7B7227BB11C00C94130 /* Release */,
			);
			defaultConfigurationIsVisible = 0;
			defaultConfigurationName = Release;
		};
		974FC7B8227BB11C00C94130 /* Build configuration list for PBXNativeTarget "NGTestTests" */ = {
			isa = XCConfigurationList;
			buildConfigurations = (
				974FC7B9227BB11C00C94130 /* Debug */,
				974FC7BA227BB11C00C94130 /* Release */,
			);
			defaultConfigurationIsVisible = 0;
			defaultConfigurationName = Release;
		};
/* End XCConfigurationList section */
	};
	rootObject = 974FC790227BB11B00C94130 /* Project object */;
}
