// !$*UTF8*$!
{
	archiveVersion = 1;
	classes = {
	};
	objectVersion = 50;
	objects = {

/* Begin PBXBuildFile section */
		7116A7A9230338880082CDE5 /* UITableView+ext.swift in Sources */ = {isa = PBXBuildFile; fileRef = 7116A7A8230338880082CDE5 /* UITableView+ext.swift */; };
		7116A7AB23033C3D0082CDE5 /* Visual.swift in Sources */ = {isa = PBXBuildFile; fileRef = 7116A7AA23033C3D0082CDE5 /* Visual.swift */; };
		7116A7AD23044B980082CDE5 /* TableViewCellBuilder.swift in Sources */ = {isa = PBXBuildFile; fileRef = 7116A7AC23044B980082CDE5 /* TableViewCellBuilder.swift */; };
		711E056F2304504900DD93B5 /* UIImageView+ext.swift in Sources */ = {isa = PBXBuildFile; fileRef = 711E056E2304504900DD93B5 /* UIImageView+ext.swift */; };
		711E0571230455EE00DD93B5 /* ObservableType+ext.swift in Sources */ = {isa = PBXBuildFile; fileRef = 711E0570230455EE00DD93B5 /* ObservableType+ext.swift */; };
		711E057323047F8A00DD93B5 /* MobileChapter.swift in Sources */ = {isa = PBXBuildFile; fileRef = 711E057223047F8900DD93B5 /* MobileChapter.swift */; };
		711E05762304831100DD93B5 /* ArticleContentImageCell.swift in Sources */ = {isa = PBXBuildFile; fileRef = 711E05742304831100DD93B5 /* ArticleContentImageCell.swift */; };
		711E05772304831100DD93B5 /* ArticleContentImageCell.xib in Resources */ = {isa = PBXBuildFile; fileRef = 711E05752304831100DD93B5 /* ArticleContentImageCell.xib */; };
		711E057A23049A9C00DD93B5 /* ArticleLeadCell.swift in Sources */ = {isa = PBXBuildFile; fileRef = 711E057823049A9C00DD93B5 /* ArticleLeadCell.swift */; };
		711E057B23049A9C00DD93B5 /* ArticleLeadCell.xib in Resources */ = {isa = PBXBuildFile; fileRef = 711E057923049A9C00DD93B5 /* ArticleLeadCell.xib */; };
		711E05802304C62100DD93B5 /* ArticlePreviewCell.swift in Sources */ = {isa = PBXBuildFile; fileRef = 711E057E2304C62100DD93B5 /* ArticlePreviewCell.swift */; };
		711E05812304C62100DD93B5 /* ArticlePreviewCell.xib in Resources */ = {isa = PBXBuildFile; fileRef = 711E057F2304C62100DD93B5 /* ArticlePreviewCell.xib */; };
		711E05842304CCF800DD93B5 /* ShadowView.swift in Sources */ = {isa = PBXBuildFile; fileRef = 711E05832304CCF800DD93B5 /* ShadowView.swift */; };
		711E05862304D30C00DD93B5 /* FilterTableViewController.swift in Sources */ = {isa = PBXBuildFile; fileRef = 711E05852304D30C00DD93B5 /* FilterTableViewController.swift */; };
		711E05892304D35500DD93B5 /* FilterViewModel.swift in Sources */ = {isa = PBXBuildFile; fileRef = 711E05882304D35500DD93B5 /* FilterViewModel.swift */; };
		711E058B2304DCEE00DD93B5 /* FilterUICell+Equatable.swift in Sources */ = {isa = PBXBuildFile; fileRef = 711E058A2304DCEE00DD93B5 /* FilterUICell+Equatable.swift */; };
		711E058F2304E19300DD93B5 /* FilterResetCell.swift in Sources */ = {isa = PBXBuildFile; fileRef = 711E058D2304E19300DD93B5 /* FilterResetCell.swift */; };
		711E05902304E19300DD93B5 /* FilterResetCell.xib in Resources */ = {isa = PBXBuildFile; fileRef = 711E058E2304E19300DD93B5 /* FilterResetCell.xib */; };
		711E05932304E1A500DD93B5 /* FilterDateCell.swift in Sources */ = {isa = PBXBuildFile; fileRef = 711E05912304E1A500DD93B5 /* FilterDateCell.swift */; };
		711E05942304E1A500DD93B5 /* FilterDateCell.xib in Resources */ = {isa = PBXBuildFile; fileRef = 711E05922304E1A500DD93B5 /* FilterDateCell.xib */; };
		711E05972304E1B800DD93B5 /* FilterChannelCell.swift in Sources */ = {isa = PBXBuildFile; fileRef = 711E05952304E1B800DD93B5 /* FilterChannelCell.swift */; };
		711E05982304E1B800DD93B5 /* FilterChannelCell.xib in Resources */ = {isa = PBXBuildFile; fileRef = 711E05962304E1B800DD93B5 /* FilterChannelCell.xib */; };
		711E059A2304EE7500DD93B5 /* Array+ext.swift in Sources */ = {isa = PBXBuildFile; fileRef = 711E05992304EE7500DD93B5 /* Array+ext.swift */; };
		7128015F2301FA2600929027 /* ServiceProvider.swift in Sources */ = {isa = PBXBuildFile; fileRef = 7128015E2301FA2600929027 /* ServiceProvider.swift */; };
		712801612301FB0D00929027 /* ArticleManager.swift in Sources */ = {isa = PBXBuildFile; fileRef = 712801602301FB0D00929027 /* ArticleManager.swift */; };
		712801632301FBA300929027 /* DetailsViewController.swift in Sources */ = {isa = PBXBuildFile; fileRef = 712801622301FBA300929027 /* DetailsViewController.swift */; };
		712801672301FD2D00929027 /* HomeViewModel.swift in Sources */ = {isa = PBXBuildFile; fileRef = 712801662301FD2D00929027 /* HomeViewModel.swift */; };
		712801692301FDF700929027 /* DetailsViewModel.swift in Sources */ = {isa = PBXBuildFile; fileRef = 712801682301FDF700929027 /* DetailsViewModel.swift */; };
		7128016B23020E1B00929027 /* ArticleDetails.swift in Sources */ = {isa = PBXBuildFile; fileRef = 7128016A23020E1B00929027 /* ArticleDetails.swift */; };
		7128016D230211C100929027 /* RelatedArticle.swift in Sources */ = {isa = PBXBuildFile; fileRef = 7128016C230211C100929027 /* RelatedArticle.swift */; };
		7128017123023E1900929027 /* MediaCell.swift in Sources */ = {isa = PBXBuildFile; fileRef = 7128016F23023E1900929027 /* MediaCell.swift */; };
		7128017223023E1900929027 /* MediaCell.xib in Resources */ = {isa = PBXBuildFile; fileRef = 7128017023023E1900929027 /* MediaCell.xib */; };
		7128017523023E8300929027 /* ArticleInfoCell.swift in Sources */ = {isa = PBXBuildFile; fileRef = 7128017323023E8300929027 /* ArticleInfoCell.swift */; };
		7128017623023E8300929027 /* ArticleInfoCell.xib in Resources */ = {isa = PBXBuildFile; fileRef = 7128017423023E8300929027 /* ArticleInfoCell.xib */; };
		7128017923023EA500929027 /* ArticleContentTextCell.swift in Sources */ = {isa = PBXBuildFile; fileRef = 7128017723023EA500929027 /* ArticleContentTextCell.swift */; };
		7128017A23023EA500929027 /* ArticleContentTextCell.xib in Resources */ = {isa = PBXBuildFile; fileRef = 7128017823023EA500929027 /* ArticleContentTextCell.xib */; };
		96113B93FCC8066177E1CD2F /* Pods_NGTestTests.framework in Frameworks */ = {isa = PBXBuildFile; fileRef = B755926244DA4C9E44610CEF /* Pods_NGTestTests.framework */; };
		974FC79C227BB11B00C94130 /* AppDelegate.swift in Sources */ = {isa = PBXBuildFile; fileRef = 974FC79B227BB11B00C94130 /* AppDelegate.swift */; };
		974FC79E227BB11B00C94130 /* HomeViewController.swift in Sources */ = {isa = PBXBuildFile; fileRef = 974FC79D227BB11B00C94130 /* HomeViewController.swift */; };
		974FC7A1227BB11B00C94130 /* Main.storyboard in Resources */ = {isa = PBXBuildFile; fileRef = 974FC79F227BB11B00C94130 /* Main.storyboard */; };
		974FC7A3227BB11C00C94130 /* Assets.xcassets in Resources */ = {isa = PBXBuildFile; fileRef = 974FC7A2227BB11C00C94130 /* Assets.xcassets */; };
		974FC7A6227BB11C00C94130 /* LaunchScreen.storyboard in Resources */ = {isa = PBXBuildFile; fileRef = 974FC7A4227BB11C00C94130 /* LaunchScreen.storyboard */; };
		974FC7B1227BB11C00C94130 /* NGTestTests.swift in Sources */ = {isa = PBXBuildFile; fileRef = 974FC7B0227BB11C00C94130 /* NGTestTests.swift */; };
		974FC7BD227BB1F400C94130 /* articles.json in Resources */ = {isa = PBXBuildFile; fileRef = 974FC7BC227BB1F400C94130 /* articles.json */; };
		974FC7BF227BD71400C94130 /* Article.swift in Sources */ = {isa = PBXBuildFile; fileRef = 974FC7BE227BD71400C94130 /* Article.swift */; };
		B1E2BC15F8B84AC3E5890BAD /* Pods_NGTest.framework in Frameworks */ = {isa = PBXBuildFile; fileRef = 31D448CBD716A4543FB3108A /* Pods_NGTest.framework */; };
/* End PBXBuildFile section */

/* Begin PBXContainerItemProxy section */
		974FC7AD227BB11C00C94130 /* PBXContainerItemProxy */ = {
			isa = PBXContainerItemProxy;
			containerPortal = 974FC790227BB11B00C94130 /* Project object */;
			proxyType = 1;
			remoteGlobalIDString = 974FC797227BB11B00C94130;
			remoteInfo = NGTest;
		};
/* End PBXContainerItemProxy section */

/* Begin PBXFileReference section */
		04B38DBD6F46C25CD3CCBC74 /* Pods-NGTest.debug.xcconfig */ = {isa = PBXFileReference; includeInIndex = 1; lastKnownFileType = text.xcconfig; name = "Pods-NGTest.debug.xcconfig"; path = "Target Support Files/Pods-NGTest/Pods-NGTest.debug.xcconfig"; sourceTree = "<group>"; };
		0F0133BAA74DEFC20F38E0B0 /* Pods-NGTestTests.debug.xcconfig */ = {isa = PBXFileReference; includeInIndex = 1; lastKnownFileType = text.xcconfig; name = "Pods-NGTestTests.debug.xcconfig"; path = "Target Support Files/Pods-NGTestTests/Pods-NGTestTests.debug.xcconfig"; sourceTree = "<group>"; };
		31D448CBD716A4543FB3108A /* Pods_NGTest.framework */ = {isa = PBXFileReference; explicitFileType = wrapper.framework; includeInIndex = 0; path = Pods_NGTest.framework; sourceTree = BUILT_PRODUCTS_DIR; };
		37AA1F3DFA275D10091C6BCD /* Pods-NGTest.release.xcconfig */ = {isa = PBXFileReference; includeInIndex = 1; lastKnownFileType = text.xcconfig; name = "Pods-NGTest.release.xcconfig"; path = "Target Support Files/Pods-NGTest/Pods-NGTest.release.xcconfig"; sourceTree = "<group>"; };
		63E6068E692EF151FB117D7E /* Pods-NGTestTests.release.xcconfig */ = {isa = PBXFileReference; includeInIndex = 1; lastKnownFileType = text.xcconfig; name = "Pods-NGTestTests.release.xcconfig"; path = "Target Support Files/Pods-NGTestTests/Pods-NGTestTests.release.xcconfig"; sourceTree = "<group>"; };
		7116A7A8230338880082CDE5 /* UITableView+ext.swift */ = {isa = PBXFileReference; lastKnownFileType = sourcecode.swift; path = "UITableView+ext.swift"; sourceTree = "<group>"; };
		7116A7AA23033C3D0082CDE5 /* Visual.swift */ = {isa = PBXFileReference; lastKnownFileType = sourcecode.swift; path = Visual.swift; sourceTree = "<group>"; };
		7116A7AC23044B980082CDE5 /* TableViewCellBuilder.swift */ = {isa = PBXFileReference; lastKnownFileType = sourcecode.swift; path = TableViewCellBuilder.swift; sourceTree = "<group>"; };
		711E056E2304504900DD93B5 /* UIImageView+ext.swift */ = {isa = PBXFileReference; lastKnownFileType = sourcecode.swift; path = "UIImageView+ext.swift"; sourceTree = "<group>"; };
		711E0570230455EE00DD93B5 /* ObservableType+ext.swift */ = {isa = PBXFileReference; lastKnownFileType = sourcecode.swift; path = "ObservableType+ext.swift"; sourceTree = "<group>"; };
		711E057223047F8900DD93B5 /* MobileChapter.swift */ = {isa = PBXFileReference; lastKnownFileType = sourcecode.swift; path = MobileChapter.swift; sourceTree = "<group>"; };
		711E05742304831100DD93B5 /* ArticleContentImageCell.swift */ = {isa = PBXFileReference; lastKnownFileType = sourcecode.swift; path = ArticleContentImageCell.swift; sourceTree = "<group>"; };
		711E05752304831100DD93B5 /* ArticleContentImageCell.xib */ = {isa = PBXFileReference; lastKnownFileType = file.xib; path = ArticleContentImageCell.xib; sourceTree = "<group>"; };
		711E057823049A9C00DD93B5 /* ArticleLeadCell.swift */ = {isa = PBXFileReference; lastKnownFileType = sourcecode.swift; path = ArticleLeadCell.swift; sourceTree = "<group>"; };
		711E057923049A9C00DD93B5 /* ArticleLeadCell.xib */ = {isa = PBXFileReference; lastKnownFileType = file.xib; path = ArticleLeadCell.xib; sourceTree = "<group>"; };
		711E057E2304C62100DD93B5 /* ArticlePreviewCell.swift */ = {isa = PBXFileReference; lastKnownFileType = sourcecode.swift; path = ArticlePreviewCell.swift; sourceTree = "<group>"; };
		711E057F2304C62100DD93B5 /* ArticlePreviewCell.xib */ = {isa = PBXFileReference; lastKnownFileType = file.xib; path = ArticlePreviewCell.xib; sourceTree = "<group>"; };
		711E05832304CCF800DD93B5 /* ShadowView.swift */ = {isa = PBXFileReference; lastKnownFileType = sourcecode.swift; path = ShadowView.swift; sourceTree = "<group>"; };
		711E05852304D30C00DD93B5 /* FilterTableViewController.swift */ = {isa = PBXFileReference; lastKnownFileType = sourcecode.swift; path = FilterTableViewController.swift; sourceTree = "<group>"; };
		711E05882304D35500DD93B5 /* FilterViewModel.swift */ = {isa = PBXFileReference; lastKnownFileType = sourcecode.swift; path = FilterViewModel.swift; sourceTree = "<group>"; };
		711E058A2304DCEE00DD93B5 /* FilterUICell+Equatable.swift */ = {isa = PBXFileReference; lastKnownFileType = sourcecode.swift; path = "FilterUICell+Equatable.swift"; sourceTree = "<group>"; };
		711E058D2304E19300DD93B5 /* FilterResetCell.swift */ = {isa = PBXFileReference; lastKnownFileType = sourcecode.swift; path = FilterResetCell.swift; sourceTree = "<group>"; };
		711E058E2304E19300DD93B5 /* FilterResetCell.xib */ = {isa = PBXFileReference; lastKnownFileType = file.xib; path = FilterResetCell.xib; sourceTree = "<group>"; };
		711E05912304E1A500DD93B5 /* FilterDateCell.swift */ = {isa = PBXFileReference; lastKnownFileType = sourcecode.swift; path = FilterDateCell.swift; sourceTree = "<group>"; };
		711E05922304E1A500DD93B5 /* FilterDateCell.xib */ = {isa = PBXFileReference; lastKnownFileType = file.xib; path = FilterDateCell.xib; sourceTree = "<group>"; };
		711E05952304E1B800DD93B5 /* FilterChannelCell.swift */ = {isa = PBXFileReference; lastKnownFileType = sourcecode.swift; path = FilterChannelCell.swift; sourceTree = "<group>"; };
		711E05962304E1B800DD93B5 /* FilterChannelCell.xib */ = {isa = PBXFileReference; lastKnownFileType = file.xib; path = FilterChannelCell.xib; sourceTree = "<group>"; };
		711E05992304EE7500DD93B5 /* Array+ext.swift */ = {isa = PBXFileReference; lastKnownFileType = sourcecode.swift; path = "Array+ext.swift"; sourceTree = "<group>"; };
		7128015E2301FA2600929027 /* ServiceProvider.swift */ = {isa = PBXFileReference; lastKnownFileType = sourcecode.swift; path = ServiceProvider.swift; sourceTree = "<group>"; };
		712801602301FB0D00929027 /* ArticleManager.swift */ = {isa = PBXFileReference; lastKnownFileType = sourcecode.swift; path = ArticleManager.swift; sourceTree = "<group>"; };
		712801622301FBA300929027 /* DetailsViewController.swift */ = {isa = PBXFileReference; lastKnownFileType = sourcecode.swift; path = DetailsViewController.swift; sourceTree = "<group>"; };
		712801662301FD2D00929027 /* HomeViewModel.swift */ = {isa = PBXFileReference; lastKnownFileType = sourcecode.swift; path = HomeViewModel.swift; sourceTree = "<group>"; };
		712801682301FDF700929027 /* DetailsViewModel.swift */ = {isa = PBXFileReference; lastKnownFileType = sourcecode.swift; path = DetailsViewModel.swift; sourceTree = "<group>"; };
		7128016A23020E1B00929027 /* ArticleDetails.swift */ = {isa = PBXFileReference; lastKnownFileType = sourcecode.swift; path = ArticleDetails.swift; sourceTree = "<group>"; };
		7128016C230211C100929027 /* RelatedArticle.swift */ = {isa = PBXFileReference; lastKnownFileType = sourcecode.swift; path = RelatedArticle.swift; sourceTree = "<group>"; };
		7128016F23023E1900929027 /* MediaCell.swift */ = {isa = PBXFileReference; lastKnownFileType = sourcecode.swift; path = MediaCell.swift; sourceTree = "<group>"; };
		7128017023023E1900929027 /* MediaCell.xib */ = {isa = PBXFileReference; lastKnownFileType = file.xib; path = MediaCell.xib; sourceTree = "<group>"; };
		7128017323023E8300929027 /* ArticleInfoCell.swift */ = {isa = PBXFileReference; lastKnownFileType = sourcecode.swift; path = ArticleInfoCell.swift; sourceTree = "<group>"; };
		7128017423023E8300929027 /* ArticleInfoCell.xib */ = {isa = PBXFileReference; lastKnownFileType = file.xib; path = ArticleInfoCell.xib; sourceTree = "<group>"; };
		7128017723023EA500929027 /* ArticleContentTextCell.swift */ = {isa = PBXFileReference; lastKnownFileType = sourcecode.swift; path = ArticleContentTextCell.swift; sourceTree = "<group>"; };
		7128017823023EA500929027 /* ArticleContentTextCell.xib */ = {isa = PBXFileReference; lastKnownFileType = file.xib; path = ArticleContentTextCell.xib; sourceTree = "<group>"; };
		974FC798227BB11B00C94130 /* NGTest.app */ = {isa = PBXFileReference; explicitFileType = wrapper.application; includeInIndex = 0; path = NGTest.app; sourceTree = BUILT_PRODUCTS_DIR; };
		974FC79B227BB11B00C94130 /* AppDelegate.swift */ = {isa = PBXFileReference; lastKnownFileType = sourcecode.swift; path = AppDelegate.swift; sourceTree = "<group>"; };
		974FC79D227BB11B00C94130 /* HomeViewController.swift */ = {isa = PBXFileReference; lastKnownFileType = sourcecode.swift; path = HomeViewController.swift; sourceTree = "<group>"; };
		974FC7A0227BB11B00C94130 /* Base */ = {isa = PBXFileReference; lastKnownFileType = file.storyboard; name = Base; path = Base.lproj/Main.storyboard; sourceTree = "<group>"; };
		974FC7A2227BB11C00C94130 /* Assets.xcassets */ = {isa = PBXFileReference; lastKnownFileType = folder.assetcatalog; path = Assets.xcassets; sourceTree = "<group>"; };
		974FC7A5227BB11C00C94130 /* Base */ = {isa = PBXFileReference; lastKnownFileType = file.storyboard; name = Base; path = Base.lproj/LaunchScreen.storyboard; sourceTree = "<group>"; };
		974FC7A7227BB11C00C94130 /* Info.plist */ = {isa = PBXFileReference; lastKnownFileType = text.plist.xml; path = Info.plist; sourceTree = "<group>"; };
		974FC7AC227BB11C00C94130 /* NGTestTests.xctest */ = {isa = PBXFileReference; explicitFileType = wrapper.cfbundle; includeInIndex = 0; path = NGTestTests.xctest; sourceTree = BUILT_PRODUCTS_DIR; };
		974FC7B0227BB11C00C94130 /* NGTestTests.swift */ = {isa = PBXFileReference; lastKnownFileType = sourcecode.swift; path = NGTestTests.swift; sourceTree = "<group>"; };
		974FC7B2227BB11C00C94130 /* Info.plist */ = {isa = PBXFileReference; lastKnownFileType = text.plist.xml; path = Info.plist; sourceTree = "<group>"; };
		974FC7BC227BB1F400C94130 /* articles.json */ = {isa = PBXFileReference; fileEncoding = 4; lastKnownFileType = text.json; path = articles.json; sourceTree = "<group>"; };
		974FC7BE227BD71400C94130 /* Article.swift */ = {isa = PBXFileReference; lastKnownFileType = sourcecode.swift; path = Article.swift; sourceTree = "<group>"; };
		974FC7C0227BDD7000C94130 /* README.txt */ = {isa = PBXFileReference; lastKnownFileType = text; path = README.txt; sourceTree = "<group>"; };
		B755926244DA4C9E44610CEF /* Pods_NGTestTests.framework */ = {isa = PBXFileReference; explicitFileType = wrapper.framework; includeInIndex = 0; path = Pods_NGTestTests.framework; sourceTree = BUILT_PRODUCTS_DIR; };
/* End PBXFileReference section */

/* Begin PBXFrameworksBuildPhase section */
		974FC795227BB11B00C94130 /* Frameworks */ = {
			isa = PBXFrameworksBuildPhase;
			buildActionMask = 2147483647;
			files = (
				B1E2BC15F8B84AC3E5890BAD /* Pods_NGTest.framework in Frameworks */,
			);
			runOnlyForDeploymentPostprocessing = 0;
		};
		974FC7A9227BB11C00C94130 /* Frameworks */ = {
			isa = PBXFrameworksBuildPhase;
			buildActionMask = 2147483647;
			files = (
				96113B93FCC8066177E1CD2F /* Pods_NGTestTests.framework in Frameworks */,
			);
			runOnlyForDeploymentPostprocessing = 0;
		};
/* End PBXFrameworksBuildPhase section */

/* Begin PBXGroup section */
		2F7F5CE574917FEA77F8F2B8 /* Frameworks */ = {
			isa = PBXGroup;
			children = (
				31D448CBD716A4543FB3108A /* Pods_NGTest.framework */,
				B755926244DA4C9E44610CEF /* Pods_NGTestTests.framework */,
			);
			name = Frameworks;
			sourceTree = "<group>";
		};
		505A8816775D3CD7101C2014 /* Pods */ = {
			isa = PBXGroup;
			children = (
				04B38DBD6F46C25CD3CCBC74 /* Pods-NGTest.debug.xcconfig */,
				37AA1F3DFA275D10091C6BCD /* Pods-NGTest.release.xcconfig */,
				0F0133BAA74DEFC20F38E0B0 /* Pods-NGTestTests.debug.xcconfig */,
				63E6068E692EF151FB117D7E /* Pods-NGTestTests.release.xcconfig */,
			);
			path = Pods;
			sourceTree = "<group>";
		};
		7116A7A7230338710082CDE5 /* Extensions */ = {
			isa = PBXGroup;
			children = (
				7116A7A8230338880082CDE5 /* UITableView+ext.swift */,
				711E056E2304504900DD93B5 /* UIImageView+ext.swift */,
				711E0570230455EE00DD93B5 /* ObservableType+ext.swift */,
				711E05992304EE7500DD93B5 /* Array+ext.swift */,
			);
			path = Extensions;
			sourceTree = "<group>";
		};
		711E057C2304C5DF00DD93B5 /* ArticleDetails */ = {
			isa = PBXGroup;
			children = (
				7128016F23023E1900929027 /* MediaCell.swift */,
				7128017023023E1900929027 /* MediaCell.xib */,
				7128017323023E8300929027 /* ArticleInfoCell.swift */,
				7128017423023E8300929027 /* ArticleInfoCell.xib */,
				7128017723023EA500929027 /* ArticleContentTextCell.swift */,
				7128017823023EA500929027 /* ArticleContentTextCell.xib */,
				711E05742304831100DD93B5 /* ArticleContentImageCell.swift */,
				711E05752304831100DD93B5 /* ArticleContentImageCell.xib */,
				711E057823049A9C00DD93B5 /* ArticleLeadCell.swift */,
				711E057923049A9C00DD93B5 /* ArticleLeadCell.xib */,
			);
			path = ArticleDetails;
			sourceTree = "<group>";
		};
		711E057D2304C5FD00DD93B5 /* Home */ = {
			isa = PBXGroup;
			children = (
				711E057E2304C62100DD93B5 /* ArticlePreviewCell.swift */,
				711E057F2304C62100DD93B5 /* ArticlePreviewCell.xib */,
			);
			path = Home;
			sourceTree = "<group>";
		};
		711E05822304CCE600DD93B5 /* Utils */ = {
			isa = PBXGroup;
			children = (
				711E05832304CCF800DD93B5 /* ShadowView.swift */,
				711E058A2304DCEE00DD93B5 /* FilterUICell+Equatable.swift */,
			);
			path = Utils;
			sourceTree = "<group>";
		};
		711E05872304D31100DD93B5 /* Filter */ = {
			isa = PBXGroup;
			children = (
				711E05852304D30C00DD93B5 /* FilterTableViewController.swift */,
				711E05882304D35500DD93B5 /* FilterViewModel.swift */,
			);
			path = Filter;
			sourceTree = "<group>";
		};
		711E058C2304E17500DD93B5 /* Filter */ = {
			isa = PBXGroup;
			children = (
				711E058D2304E19300DD93B5 /* FilterResetCell.swift */,
				711E058E2304E19300DD93B5 /* FilterResetCell.xib */,
				711E05912304E1A500DD93B5 /* FilterDateCell.swift */,
				711E05922304E1A500DD93B5 /* FilterDateCell.xib */,
				711E05952304E1B800DD93B5 /* FilterChannelCell.swift */,
				711E05962304E1B800DD93B5 /* FilterChannelCell.xib */,
			);
			path = Filter;
			sourceTree = "<group>";
		};
		712801592301F98900929027 /* Modules */ = {
			isa = PBXGroup;
			children = (
				7128016E23023DE600929027 /* Cells */,
				7128015A2301F99900929027 /* Home */,
				711E05872304D31100DD93B5 /* Filter */,
				7128015B2301F99F00929027 /* Details */,
			);
			path = Modules;
			sourceTree = "<group>";
		};
		7128015A2301F99900929027 /* Home */ = {
			isa = PBXGroup;
			children = (
				974FC79F227BB11B00C94130 /* Main.storyboard */,
				974FC79D227BB11B00C94130 /* HomeViewController.swift */,
				712801662301FD2D00929027 /* HomeViewModel.swift */,
			);
			path = Home;
			sourceTree = "<group>";
		};
		7128015B2301F99F00929027 /* Details */ = {
			isa = PBXGroup;
			children = (
				712801622301FBA300929027 /* DetailsViewController.swift */,
				712801682301FDF700929027 /* DetailsViewModel.swift */,
			);
			path = Details;
			sourceTree = "<group>";
		};
		7128015C2301F9AF00929027 /* Models */ = {
			isa = PBXGroup;
			children = (
				974FC7BE227BD71400C94130 /* Article.swift */,
				7128016A23020E1B00929027 /* ArticleDetails.swift */,
				7128016C230211C100929027 /* RelatedArticle.swift */,
				7116A7AA23033C3D0082CDE5 /* Visual.swift */,
				711E057223047F8900DD93B5 /* MobileChapter.swift */,
			);
			path = Models;
			sourceTree = "<group>";
		};
		7128015D2301F9F400929027 /* ServiceProvider */ = {
			isa = PBXGroup;
			children = (
				7128015E2301FA2600929027 /* ServiceProvider.swift */,
				712801602301FB0D00929027 /* ArticleManager.swift */,
			);
			path = ServiceProvider;
			sourceTree = "<group>";
		};
		7128016E23023DE600929027 /* Cells */ = {
			isa = PBXGroup;
			children = (
				711E058C2304E17500DD93B5 /* Filter */,
				711E057D2304C5FD00DD93B5 /* Home */,
				711E057C2304C5DF00DD93B5 /* ArticleDetails */,
				7116A7AC23044B980082CDE5 /* TableViewCellBuilder.swift */,
			);
			path = Cells;
			sourceTree = "<group>";
		};
		974FC78F227BB11B00C94130 = {
			isa = PBXGroup;
			children = (
				974FC79A227BB11B00C94130 /* NGTest */,
				974FC7AF227BB11C00C94130 /* NGTestTests */,
				974FC799227BB11B00C94130 /* Products */,
				505A8816775D3CD7101C2014 /* Pods */,
				2F7F5CE574917FEA77F8F2B8 /* Frameworks */,
			);
			sourceTree = "<group>";
		};
		974FC799227BB11B00C94130 /* Products */ = {
			isa = PBXGroup;
			children = (
				974FC798227BB11B00C94130 /* NGTest.app */,
				974FC7AC227BB11C00C94130 /* NGTestTests.xctest */,
			);
			name = Products;
			sourceTree = "<group>";
		};
		974FC79A227BB11B00C94130 /* NGTest */ = {
			isa = PBXGroup;
			children = (
				711E05822304CCE600DD93B5 /* Utils */,
				7116A7A7230338710082CDE5 /* Extensions */,
				7128015D2301F9F400929027 /* ServiceProvider */,
				7128015C2301F9AF00929027 /* Models */,
				712801592301F98900929027 /* Modules */,
				974FC7C0227BDD7000C94130 /* README.txt */,
				974FC7BB227BB1E100C94130 /* Supporting Files */,
				974FC79B227BB11B00C94130 /* AppDelegate.swift */,
				974FC7A2227BB11C00C94130 /* Assets.xcassets */,
				974FC7A4227BB11C00C94130 /* LaunchScreen.storyboard */,
				974FC7A7227BB11C00C94130 /* Info.plist */,
			);
			path = NGTest;
			sourceTree = "<group>";
		};
		974FC7AF227BB11C00C94130 /* NGTestTests */ = {
			isa = PBXGroup;
			children = (
				974FC7B0227BB11C00C94130 /* NGTestTests.swift */,
				974FC7B2227BB11C00C94130 /* Info.plist */,
			);
			path = NGTestTests;
			sourceTree = "<group>";
		};
		974FC7BB227BB1E100C94130 /* Supporting Files */ = {
			isa = PBXGroup;
			children = (
				974FC7BC227BB1F400C94130 /* articles.json */,
			);
			path = "Supporting Files";
			sourceTree = "<group>";
		};
/* End PBXGroup section */

/* Begin PBXNativeTarget section */
		974FC797227BB11B00C94130 /* NGTest */ = {
			isa = PBXNativeTarget;
			buildConfigurationList = 974FC7B5227BB11C00C94130 /* Build configuration list for PBXNativeTarget "NGTest" */;
			buildPhases = (
				E77AB384311A322313124950 /* [CP] Check Pods Manifest.lock */,
				974FC794227BB11B00C94130 /* Sources */,
				974FC795227BB11B00C94130 /* Frameworks */,
				974FC796227BB11B00C94130 /* Resources */,
				5BAA21001397FE5E22D57F62 /* [CP] Embed Pods Frameworks */,
			);
			buildRules = (
			);
			dependencies = (
			);
			name = NGTest;
			productName = NGTest;
			productReference = 974FC798227BB11B00C94130 /* NGTest.app */;
			productType = "com.apple.product-type.application";
		};
		974FC7AB227BB11C00C94130 /* NGTestTests */ = {
			isa = PBXNativeTarget;
			buildConfigurationList = 974FC7B8227BB11C00C94130 /* Build configuration list for PBXNativeTarget "NGTestTests" */;
			buildPhases = (
				5E3C24A81098D825B53FF479 /* [CP] Check Pods Manifest.lock */,
				974FC7A8227BB11C00C94130 /* Sources */,
				974FC7A9227BB11C00C94130 /* Frameworks */,
				974FC7AA227BB11C00C94130 /* Resources */,
			);
			buildRules = (
			);
			dependencies = (
				974FC7AE227BB11C00C94130 /* PBXTargetDependency */,
			);
			name = NGTestTests;
			productName = NGTestTests;
			productReference = 974FC7AC227BB11C00C94130 /* NGTestTests.xctest */;
			productType = "com.apple.product-type.bundle.unit-test";
		};
/* End PBXNativeTarget section */

/* Begin PBXProject section */
		974FC790227BB11B00C94130 /* Project object */ = {
			isa = PBXProject;
			attributes = {
				LastSwiftUpdateCheck = 1020;
				LastUpgradeCheck = 1020;
				ORGANIZATIONNAME = Nuglif;
				TargetAttributes = {
					974FC797227BB11B00C94130 = {
						CreatedOnToolsVersion = 10.2.1;
					};
					974FC7AB227BB11C00C94130 = {
						CreatedOnToolsVersion = 10.2.1;
						TestTargetID = 974FC797227BB11B00C94130;
					};
				};
			};
			buildConfigurationList = 974FC793227BB11B00C94130 /* Build configuration list for PBXProject "NGTest" */;
			compatibilityVersion = "Xcode 9.3";
			developmentRegion = en;
			hasScannedForEncodings = 0;
			knownRegions = (
				en,
				Base,
			);
			mainGroup = 974FC78F227BB11B00C94130;
			productRefGroup = 974FC799227BB11B00C94130 /* Products */;
			projectDirPath = "";
			projectRoot = "";
			targets = (
				974FC797227BB11B00C94130 /* NGTest */,
				974FC7AB227BB11C00C94130 /* NGTestTests */,
			);
		};
/* End PBXProject section */

/* Begin PBXResourcesBuildPhase section */
		974FC796227BB11B00C94130 /* Resources */ = {
			isa = PBXResourcesBuildPhase;
			buildActionMask = 2147483647;
			files = (
				711E05982304E1B800DD93B5 /* FilterChannelCell.xib in Resources */,
				7128017623023E8300929027 /* ArticleInfoCell.xib in Resources */,
				974FC7BD227BB1F400C94130 /* articles.json in Resources */,
				974FC7A6227BB11C00C94130 /* LaunchScreen.storyboard in Resources */,
				7128017223023E1900929027 /* MediaCell.xib in Resources */,
				974FC7A3227BB11C00C94130 /* Assets.xcassets in Resources */,
				711E05812304C62100DD93B5 /* ArticlePreviewCell.xib in Resources */,
				974FC7A1227BB11B00C94130 /* Main.storyboard in Resources */,
				711E05902304E19300DD93B5 /* FilterResetCell.xib in Resources */,
				711E057B23049A9C00DD93B5 /* ArticleLeadCell.xib in Resources */,
				711E05772304831100DD93B5 /* ArticleContentImageCell.xib in Resources */,
				7128017A23023EA500929027 /* ArticleContentTextCell.xib in Resources */,
				711E05942304E1A500DD93B5 /* FilterDateCell.xib in Resources */,
			);
			runOnlyForDeploymentPostprocessing = 0;
		};
		974FC7AA227BB11C00C94130 /* Resources */ = {
			isa = PBXResourcesBuildPhase;
			buildActionMask = 2147483647;
			files = (
			);
			runOnlyForDeploymentPostprocessing = 0;
		};
/* End PBXResourcesBuildPhase section */

/* Begin PBXShellScriptBuildPhase section */
		5BAA21001397FE5E22D57F62 /* [CP] Embed Pods Frameworks */ = {
			isa = PBXShellScriptBuildPhase;
			buildActionMask = 2147483647;
			files = (
			);
			inputFileListPaths = (
			);
			inputPaths = (
				"${PODS_ROOT}/Target Support Files/Pods-NGTest/Pods-NGTest-frameworks.sh",
				"${BUILT_PRODUCTS_DIR}/Alamofire/Alamofire.framework",
				"${BUILT_PRODUCTS_DIR}/RxAlamofire/RxAlamofire.framework",
				"${BUILT_PRODUCTS_DIR}/RxSwift/RxSwift.framework",
				"${BUILT_PRODUCTS_DIR}/SDWebImage/SDWebImage.framework",
			);
			name = "[CP] Embed Pods Frameworks";
			outputFileListPaths = (
			);
			outputPaths = (
				"${TARGET_BUILD_DIR}/${FRAMEWORKS_FOLDER_PATH}/Alamofire.framework",
				"${TARGET_BUILD_DIR}/${FRAMEWORKS_FOLDER_PATH}/RxAlamofire.framework",
				"${TARGET_BUILD_DIR}/${FRAMEWORKS_FOLDER_PATH}/RxSwift.framework",
				"${TARGET_BUILD_DIR}/${FRAMEWORKS_FOLDER_PATH}/SDWebImage.framework",
			);
			runOnlyForDeploymentPostprocessing = 0;
			shellPath = /bin/sh;
			shellScript = "\"${PODS_ROOT}/Target Support Files/Pods-NGTest/Pods-NGTest-frameworks.sh\"\n";
			showEnvVarsInLog = 0;
		};
		5E3C24A81098D825B53FF479 /* [CP] Check Pods Manifest.lock */ = {
			isa = PBXShellScriptBuildPhase;
			buildActionMask = 2147483647;
			files = (
			);
			inputFileListPaths = (
			);
			inputPaths = (
				"${PODS_PODFILE_DIR_PATH}/Podfile.lock",
				"${PODS_ROOT}/Manifest.lock",
			);
			name = "[CP] Check Pods Manifest.lock";
			outputFileListPaths = (
			);
			outputPaths = (
				"$(DERIVED_FILE_DIR)/Pods-NGTestTests-checkManifestLockResult.txt",
			);
			runOnlyForDeploymentPostprocessing = 0;
			shellPath = /bin/sh;
			shellScript = "diff \"${PODS_PODFILE_DIR_PATH}/Podfile.lock\" \"${PODS_ROOT}/Manifest.lock\" > /dev/null\nif [ $? != 0 ] ; then\n    # print error to STDERR\n    echo \"error: The sandbox is not in sync with the Podfile.lock. Run 'pod install' or update your CocoaPods installation.\" >&2\n    exit 1\nfi\n# This output is used by Xcode 'outputs' to avoid re-running this script phase.\necho \"SUCCESS\" > \"${SCRIPT_OUTPUT_FILE_0}\"\n";
			showEnvVarsInLog = 0;
		};
		E77AB384311A322313124950 /* [CP] Check Pods Manifest.lock */ = {
			isa = PBXShellScriptBuildPhase;
			buildActionMask = 2147483647;
			files = (
			);
			inputFileListPaths = (
			);
			inputPaths = (
				"${PODS_PODFILE_DIR_PATH}/Podfile.lock",
				"${PODS_ROOT}/Manifest.lock",
			);
			name = "[CP] Check Pods Manifest.lock";
			outputFileListPaths = (
			);
			outputPaths = (
				"$(DERIVED_FILE_DIR)/Pods-NGTest-checkManifestLockResult.txt",
			);
			runOnlyForDeploymentPostprocessing = 0;
			shellPath = /bin/sh;
			shellScript = "diff \"${PODS_PODFILE_DIR_PATH}/Podfile.lock\" \"${PODS_ROOT}/Manifest.lock\" > /dev/null\nif [ $? != 0 ] ; then\n    # print error to STDERR\n    echo \"error: The sandbox is not in sync with the Podfile.lock. Run 'pod install' or update your CocoaPods installation.\" >&2\n    exit 1\nfi\n# This output is used by Xcode 'outputs' to avoid re-running this script phase.\necho \"SUCCESS\" > \"${SCRIPT_OUTPUT_FILE_0}\"\n";
			showEnvVarsInLog = 0;
		};
/* End PBXShellScriptBuildPhase section */

/* Begin PBXSourcesBuildPhase section */
		974FC794227BB11B00C94130 /* Sources */ = {
			isa = PBXSourcesBuildPhase;
			buildActionMask = 2147483647;
			files = (
				711E05972304E1B800DD93B5 /* FilterChannelCell.swift in Sources */,
				7128017523023E8300929027 /* ArticleInfoCell.swift in Sources */,
				7128015F2301FA2600929027 /* ServiceProvider.swift in Sources */,
				711E05892304D35500DD93B5 /* FilterViewModel.swift in Sources */,
				974FC79E227BB11B00C94130 /* HomeViewController.swift in Sources */,
				7128016D230211C100929027 /* RelatedArticle.swift in Sources */,
				7116A7AB23033C3D0082CDE5 /* Visual.swift in Sources */,
				711E05802304C62100DD93B5 /* ArticlePreviewCell.swift in Sources */,
				7128017923023EA500929027 /* ArticleContentTextCell.swift in Sources */,
				711E058B2304DCEE00DD93B5 /* FilterUICell+Equatable.swift in Sources */,
				711E05862304D30C00DD93B5 /* FilterTableViewController.swift in Sources */,
				711E05762304831100DD93B5 /* ArticleContentImageCell.swift in Sources */,
				711E05932304E1A500DD93B5 /* FilterDateCell.swift in Sources */,
				711E056F2304504900DD93B5 /* UIImageView+ext.swift in Sources */,
				712801672301FD2D00929027 /* HomeViewModel.swift in Sources */,
				712801692301FDF700929027 /* DetailsViewModel.swift in Sources */,
				711E057A23049A9C00DD93B5 /* ArticleLeadCell.swift in Sources */,
				712801612301FB0D00929027 /* ArticleManager.swift in Sources */,
				711E05842304CCF800DD93B5 /* ShadowView.swift in Sources */,
				7128017123023E1900929027 /* MediaCell.swift in Sources */,
				7128016B23020E1B00929027 /* ArticleDetails.swift in Sources */,
				974FC79C227BB11B00C94130 /* AppDelegate.swift in Sources */,
				7116A7A9230338880082CDE5 /* UITableView+ext.swift in Sources */,
				711E058F2304E19300DD93B5 /* FilterResetCell.swift in Sources */,
				711E057323047F8A00DD93B5 /* MobileChapter.swift in Sources */,
				711E0571230455EE00DD93B5 /* ObservableType+ext.swift in Sources */,
				974FC7BF227BD71400C94130 /* Article.swift in Sources */,
				711E059A2304EE7500DD93B5 /* Array+ext.swift in Sources */,
				712801632301FBA300929027 /* DetailsViewController.swift in Sources */,
				7116A7AD23044B980082CDE5 /* TableViewCellBuilder.swift in Sources */,
			);
			runOnlyForDeploymentPostprocessing = 0;
		};
		974FC7A8227BB11C00C94130 /* Sources */ = {
			isa = PBXSourcesBuildPhase;
			buildActionMask = 2147483647;
			files = (
				974FC7B1227BB11C00C94130 /* NGTestTests.swift in Sources */,
			);
			runOnlyForDeploymentPostprocessing = 0;
		};
/* End PBXSourcesBuildPhase section */

/* Begin PBXTargetDependency section */
		974FC7AE227BB11C00C94130 /* PBXTargetDependency */ = {
			isa = PBXTargetDependency;
			target = 974FC797227BB11B00C94130 /* NGTest */;
			targetProxy = 974FC7AD227BB11C00C94130 /* PBXContainerItemProxy */;
		};
/* End PBXTargetDependency section */

/* Begin PBXVariantGroup section */
		974FC79F227BB11B00C94130 /* Main.storyboard */ = {
			isa = PBXVariantGroup;
			children = (
				974FC7A0227BB11B00C94130 /* Base */,
			);
			name = Main.storyboard;
			sourceTree = "<group>";
		};
		974FC7A4227BB11C00C94130 /* LaunchScreen.storyboard */ = {
			isa = PBXVariantGroup;
			children = (
				974FC7A5227BB11C00C94130 /* Base */,
			);
			name = LaunchScreen.storyboard;
			sourceTree = "<group>";
		};
/* End PBXVariantGroup section */

/* Begin XCBuildConfiguration section */
		974FC7B3227BB11C00C94130 /* Debug */ = {
			isa = XCBuildConfiguration;
			buildSettings = {
				ALWAYS_SEARCH_USER_PATHS = NO;
				CLANG_ANALYZER_NONNULL = YES;
				CLANG_ANALYZER_NUMBER_OBJECT_CONVERSION = YES_AGGRESSIVE;
				CLANG_CXX_LANGUAGE_STANDARD = "gnu++14";
				CLANG_CXX_LIBRARY = "libc++";
				CLANG_ENABLE_MODULES = YES;
				CLANG_ENABLE_OBJC_ARC = YES;
				CLANG_ENABLE_OBJC_WEAK = YES;
				CLANG_WARN_BLOCK_CAPTURE_AUTORELEASING = YES;
				CLANG_WARN_BOOL_CONVERSION = YES;
				CLANG_WARN_COMMA = YES;
				CLANG_WARN_CONSTANT_CONVERSION = YES;
				CLANG_WARN_DEPRECATED_OBJC_IMPLEMENTATIONS = YES;
				CLANG_WARN_DIRECT_OBJC_ISA_USAGE = YES_ERROR;
				CLANG_WARN_DOCUMENTATION_COMMENTS = YES;
				CLANG_WARN_EMPTY_BODY = YES;
				CLANG_WARN_ENUM_CONVERSION = YES;
				CLANG_WARN_INFINITE_RECURSION = YES;
				CLANG_WARN_INT_CONVERSION = YES;
				CLANG_WARN_NON_LITERAL_NULL_CONVERSION = YES;
				CLANG_WARN_OBJC_IMPLICIT_RETAIN_SELF = YES;
				CLANG_WARN_OBJC_LITERAL_CONVERSION = YES;
				CLANG_WARN_OBJC_ROOT_CLASS = YES_ERROR;
				CLANG_WARN_RANGE_LOOP_ANALYSIS = YES;
				CLANG_WARN_STRICT_PROTOTYPES = YES;
				CLANG_WARN_SUSPICIOUS_MOVE = YES;
				CLANG_WARN_UNGUARDED_AVAILABILITY = YES_AGGRESSIVE;
				CLANG_WARN_UNREACHABLE_CODE = YES;
				CLANG_WARN__DUPLICATE_METHOD_MATCH = YES;
				CODE_SIGN_IDENTITY = "iPhone Developer";
				COPY_PHASE_STRIP = NO;
				DEBUG_INFORMATION_FORMAT = dwarf;
				ENABLE_STRICT_OBJC_MSGSEND = YES;
				ENABLE_TESTABILITY = YES;
				GCC_C_LANGUAGE_STANDARD = gnu11;
				GCC_DYNAMIC_NO_PIC = NO;
				GCC_NO_COMMON_BLOCKS = YES;
				GCC_OPTIMIZATION_LEVEL = 0;
				GCC_PREPROCESSOR_DEFINITIONS = (
					"DEBUG=1",
					"$(inherited)",
				);
				GCC_WARN_64_TO_32_BIT_CONVERSION = YES;
				GCC_WARN_ABOUT_RETURN_TYPE = YES_ERROR;
				GCC_WARN_UNDECLARED_SELECTOR = YES;
				GCC_WARN_UNINITIALIZED_AUTOS = YES_AGGRESSIVE;
				GCC_WARN_UNUSED_FUNCTION = YES;
				GCC_WARN_UNUSED_VARIABLE = YES;
				IPHONEOS_DEPLOYMENT_TARGET = 12.2;
				MTL_ENABLE_DEBUG_INFO = INCLUDE_SOURCE;
				MTL_FAST_MATH = YES;
				ONLY_ACTIVE_ARCH = YES;
				SDKROOT = iphoneos;
				SWIFT_ACTIVE_COMPILATION_CONDITIONS = DEBUG;
				SWIFT_OPTIMIZATION_LEVEL = "-Onone";
			};
			name = Debug;
		};
		974FC7B4227BB11C00C94130 /* Release */ = {
			isa = XCBuildConfiguration;
			buildSettings = {
				ALWAYS_SEARCH_USER_PATHS = NO;
				CLANG_ANALYZER_NONNULL = YES;
				CLANG_ANALYZER_NUMBER_OBJECT_CONVERSION = YES_AGGRESSIVE;
				CLANG_CXX_LANGUAGE_STANDARD = "gnu++14";
				CLANG_CXX_LIBRARY = "libc++";
				CLANG_ENABLE_MODULES = YES;
				CLANG_ENABLE_OBJC_ARC = YES;
				CLANG_ENABLE_OBJC_WEAK = YES;
				CLANG_WARN_BLOCK_CAPTURE_AUTORELEASING = YES;
				CLANG_WARN_BOOL_CONVERSION = YES;
				CLANG_WARN_COMMA = YES;
				CLANG_WARN_CONSTANT_CONVERSION = YES;
				CLANG_WARN_DEPRECATED_OBJC_IMPLEMENTATIONS = YES;
				CLANG_WARN_DIRECT_OBJC_ISA_USAGE = YES_ERROR;
				CLANG_WARN_DOCUMENTATION_COMMENTS = YES;
				CLANG_WARN_EMPTY_BODY = YES;
				CLANG_WARN_ENUM_CONVERSION = YES;
				CLANG_WARN_INFINITE_RECURSION = YES;
				CLANG_WARN_INT_CONVERSION = YES;
				CLANG_WARN_NON_LITERAL_NULL_CONVERSION = YES;
				CLANG_WARN_OBJC_IMPLICIT_RETAIN_SELF = YES;
				CLANG_WARN_OBJC_LITERAL_CONVERSION = YES;
				CLANG_WARN_OBJC_ROOT_CLASS = YES_ERROR;
				CLANG_WARN_RANGE_LOOP_ANALYSIS = YES;
				CLANG_WARN_STRICT_PROTOTYPES = YES;
				CLANG_WARN_SUSPICIOUS_MOVE = YES;
				CLANG_WARN_UNGUARDED_AVAILABILITY = YES_AGGRESSIVE;
				CLANG_WARN_UNREACHABLE_CODE = YES;
				CLANG_WARN__DUPLICATE_METHOD_MATCH = YES;
				CODE_SIGN_IDENTITY = "iPhone Developer";
				COPY_PHASE_STRIP = NO;
				DEBUG_INFORMATION_FORMAT = "dwarf-with-dsym";
				ENABLE_NS_ASSERTIONS = NO;
				ENABLE_STRICT_OBJC_MSGSEND = YES;
				GCC_C_LANGUAGE_STANDARD = gnu11;
				GCC_NO_COMMON_BLOCKS = YES;
				GCC_WARN_64_TO_32_BIT_CONVERSION = YES;
				GCC_WARN_ABOUT_RETURN_TYPE = YES_ERROR;
				GCC_WARN_UNDECLARED_SELECTOR = YES;
				GCC_WARN_UNINITIALIZED_AUTOS = YES_AGGRESSIVE;
				GCC_WARN_UNUSED_FUNCTION = YES;
				GCC_WARN_UNUSED_VARIABLE = YES;
				IPHONEOS_DEPLOYMENT_TARGET = 12.2;
				MTL_ENABLE_DEBUG_INFO = NO;
				MTL_FAST_MATH = YES;
				SDKROOT = iphoneos;
				SWIFT_COMPILATION_MODE = wholemodule;
				SWIFT_OPTIMIZATION_LEVEL = "-O";
				VALIDATE_PRODUCT = YES;
			};
			name = Release;
		};
		974FC7B6227BB11C00C94130 /* Debug */ = {
			isa = XCBuildConfiguration;
			baseConfigurationReference = 04B38DBD6F46C25CD3CCBC74 /* Pods-NGTest.debug.xcconfig */;
			buildSettings = {
				ASSETCATALOG_COMPILER_APPICON_NAME = AppIcon;
				CODE_SIGN_STYLE = Automatic;
				DEVELOPMENT_TEAM = ZB84X6KFKN;
				INFOPLIST_FILE = NGTest/Info.plist;
				IPHONEOS_DEPLOYMENT_TARGET = 10.0;
				LD_RUNPATH_SEARCH_PATHS = (
					"$(inherited)",
					"@executable_path/Frameworks",
				);
				PRODUCT_BUNDLE_IDENTIFIER = com.nuglif.NGTest;
				PRODUCT_NAME = "$(TARGET_NAME)";
				SWIFT_VERSION = 5.0;
				TARGETED_DEVICE_FAMILY = "1,2";
			};
			name = Debug;
		};
		974FC7B7227BB11C00C94130 /* Release */ = {
			isa = XCBuildConfiguration;
			baseConfigurationReference = 37AA1F3DFA275D10091C6BCD /* Pods-NGTest.release.xcconfig */;
			buildSettings = {
				ASSETCATALOG_COMPILER_APPICON_NAME = AppIcon;
				CODE_SIGN_STYLE = Automatic;
				DEVELOPMENT_TEAM = ZB84X6KFKN;
				INFOPLIST_FILE = NGTest/Info.plist;
				IPHONEOS_DEPLOYMENT_TARGET = 10.0;
				LD_RUNPATH_SEARCH_PATHS = (
					"$(inherited)",
					"@executable_path/Frameworks",
				);
				PRODUCT_BUNDLE_IDENTIFIER = com.nuglif.NGTest;
				PRODUCT_NAME = "$(TARGET_NAME)";
				SWIFT_VERSION = 5.0;
				TARGETED_DEVICE_FAMILY = "1,2";
			};
			name = Release;
		};
		974FC7B9227BB11C00C94130 /* Debug */ = {
			isa = XCBuildConfiguration;
			baseConfigurationReference = 0F0133BAA74DEFC20F38E0B0 /* Pods-NGTestTests.debug.xcconfig */;
			buildSettings = {
				ALWAYS_EMBED_SWIFT_STANDARD_LIBRARIES = YES;
				BUNDLE_LOADER = "$(TEST_HOST)";
				CODE_SIGN_STYLE = Automatic;
				INFOPLIST_FILE = NGTestTests/Info.plist;
				LD_RUNPATH_SEARCH_PATHS = (
					"$(inherited)",
					"@executable_path/Frameworks",
					"@loader_path/Frameworks",
				);
				PRODUCT_BUNDLE_IDENTIFIER = com.nuglif.NGTestTests;
				PRODUCT_NAME = "$(TARGET_NAME)";
				SWIFT_VERSION = 5.0;
				TARGETED_DEVICE_FAMILY = "1,2";
				TEST_HOST = "$(BUILT_PRODUCTS_DIR)/NGTest.app/NGTest";
			};
			name = Debug;
		};
		974FC7BA227BB11C00C94130 /* Release */ = {
			isa = XCBuildConfiguration;
			baseConfigurationReference = 63E6068E692EF151FB117D7E /* Pods-NGTestTests.release.xcconfig */;
			buildSettings = {
				ALWAYS_EMBED_SWIFT_STANDARD_LIBRARIES = YES;
				BUNDLE_LOADER = "$(TEST_HOST)";
				CODE_SIGN_STYLE = Automatic;
				INFOPLIST_FILE = NGTestTests/Info.plist;
				LD_RUNPATH_SEARCH_PATHS = (
					"$(inherited)",
					"@executable_path/Frameworks",
					"@loader_path/Frameworks",
				);
				PRODUCT_BUNDLE_IDENTIFIER = com.nuglif.NGTestTests;
				PRODUCT_NAME = "$(TARGET_NAME)";
				SWIFT_VERSION = 5.0;
				TARGETED_DEVICE_FAMILY = "1,2";
				TEST_HOST = "$(BUILT_PRODUCTS_DIR)/NGTest.app/NGTest";
			};
			name = Release;
		};
/* End XCBuildConfiguration section */

/* Begin XCConfigurationList section */
		974FC793227BB11B00C94130 /* Build configuration list for PBXProject "NGTest" */ = {
			isa = XCConfigurationList;
			buildConfigurations = (
				974FC7B3227BB11C00C94130 /* Debug */,
				974FC7B4227BB11C00C94130 /* Release */,
			);
			defaultConfigurationIsVisible = 0;
			defaultConfigurationName = Release;
		};
		974FC7B5227BB11C00C94130 /* Build configuration list for PBXNativeTarget "NGTest" */ = {
			isa = XCConfigurationList;
			buildConfigurations = (
				974FC7B6227BB11C00C94130 /* Debug */,
				974FC7B7227BB11C00C94130 /* Release */,
			);
			defaultConfigurationIsVisible = 0;
			defaultConfigurationName = Release;
		};
		974FC7B8227BB11C00C94130 /* Build configuration list for PBXNativeTarget "NGTestTests" */ = {
			isa = XCConfigurationList;
			buildConfigurations = (
				974FC7B9227BB11C00C94130 /* Debug */,
				974FC7BA227BB11C00C94130 /* Release */,
			);
			defaultConfigurationIsVisible = 0;
			defaultConfigurationName = Release;
		};
/* End XCConfigurationList section */
	};
	rootObject = 974FC790227BB11B00C94130 /* Project object */;
}
